
Microsoft Visual Studio Solution File, Format Version 12.00
# Visual Studio 2012
Project("{FAE04EC0-301F-11D3-BF4B-00C04F79EFBC}") = "Hyper", "Hyper\Hyper.csproj", "{48B1ECB9-76A1-4CF2-8F49-244A1D65DEF9}"
EndProject
Project("{FAE04EC0-301F-11D3-BF4B-00C04F79EFBC}") = "HyperTests", "HyperTests\HyperTests.csproj", "{BBB386E6-B7B1-4E27-BF55-BF3FFC543066}"
EndProject
Global
	GlobalSection(SolutionConfigurationPlatforms) = preSolution
		Debug|Any CPU = Debug|Any CPU
		Release|Any CPU = Release|Any CPU
	EndGlobalSection
	GlobalSection(ProjectConfigurationPlatforms) = postSolution
		{48B1ECB9-76A1-4CF2-8F49-244A1D65DEF9}.Debug|Any CPU.ActiveCfg = Debug|Any CPU
		{48B1ECB9-76A1-4CF2-8F49-244A1D65DEF9}.Debug|Any CPU.Build.0 = Debug|Any CPU
		{48B1ECB9-76A1-4CF2-8F49-244A1D65DEF9}.Release|Any CPU.ActiveCfg = Release|Any CPU
		{48B1ECB9-76A1-4CF2-8F49-244A1D65DEF9}.Release|Any CPU.Build.0 = Release|Any CPU
		{BBB386E6-B7B1-4E27-BF55-BF3FFC543066}.Debug|Any CPU.ActiveCfg = Debug|Any CPU
		{BBB386E6-B7B1-4E27-BF55-BF3FFC543066}.Debug|Any CPU.Build.0 = Debug|Any CPU
		{BBB386E6-B7B1-4E27-BF55-BF3FFC543066}.Release|Any CPU.ActiveCfg = Release|Any CPU
		{BBB386E6-B7B1-4E27-BF55-BF3FFC543066}.Release|Any CPU.Build.0 = Release|Any CPU
	EndGlobalSection
	GlobalSection(SolutionProperties) = preSolution
		HideSolutionNode = FALSE
	EndGlobalSection
EndGlobal
